// !$*UTF8*$!
{
	archiveVersion = 1;
	classes = {
	};
	objectVersion = 52;
	objects = {

/* Begin PBXBuildFile section */
		560709DA2390558A001A9DE7 /* AppDelegate.swift in Sources */ = {isa = PBXBuildFile; fileRef = 560709D92390558A001A9DE7 /* AppDelegate.swift */; };
		560709DC2390558A001A9DE7 /* SceneDelegate.swift in Sources */ = {isa = PBXBuildFile; fileRef = 560709DB2390558A001A9DE7 /* SceneDelegate.swift */; };
		560709DE2390558A001A9DE7 /* ViewController.swift in Sources */ = {isa = PBXBuildFile; fileRef = 560709DD2390558A001A9DE7 /* ViewController.swift */; };
		560709E12390558A001A9DE7 /* Main.storyboard in Resources */ = {isa = PBXBuildFile; fileRef = 560709DF2390558A001A9DE7 /* Main.storyboard */; };
		560709E32390558C001A9DE7 /* Assets.xcassets in Resources */ = {isa = PBXBuildFile; fileRef = 560709E22390558C001A9DE7 /* Assets.xcassets */; };
		560709E62390558C001A9DE7 /* LaunchScreen.storyboard in Resources */ = {isa = PBXBuildFile; fileRef = 560709E42390558C001A9DE7 /* LaunchScreen.storyboard */; };
		560709F02390D7A8001A9DE7 /* GRDB in Frameworks */ = {isa = PBXBuildFile; productRef = 560709EF2390D7A8001A9DE7 /* GRDB */; };
		560709F22390D85F001A9DE7 /* AppDatabase.swift in Sources */ = {isa = PBXBuildFile; fileRef = 560709F12390D85F001A9DE7 /* AppDatabase.swift */; };
		560709F42390D883001A9DE7 /* Player.swift in Sources */ = {isa = PBXBuildFile; fileRef = 560709F32390D883001A9DE7 /* Player.swift */; };
/* End PBXBuildFile section */

/* Begin PBXFileReference section */
		560709D62390558A001A9DE7 /* AppGroup.app */ = {isa = PBXFileReference; explicitFileType = wrapper.application; includeInIndex = 0; path = AppGroup.app; sourceTree = BUILT_PRODUCTS_DIR; };
		560709D92390558A001A9DE7 /* AppDelegate.swift */ = {isa = PBXFileReference; lastKnownFileType = sourcecode.swift; path = AppDelegate.swift; sourceTree = "<group>"; };
		560709DB2390558A001A9DE7 /* SceneDelegate.swift */ = {isa = PBXFileReference; lastKnownFileType = sourcecode.swift; path = SceneDelegate.swift; sourceTree = "<group>"; };
		560709DD2390558A001A9DE7 /* ViewController.swift */ = {isa = PBXFileReference; lastKnownFileType = sourcecode.swift; path = ViewController.swift; sourceTree = "<group>"; };
		560709E02390558A001A9DE7 /* Base */ = {isa = PBXFileReference; lastKnownFileType = file.storyboard; name = Base; path = Base.lproj/Main.storyboard; sourceTree = "<group>"; };
		560709E22390558C001A9DE7 /* Assets.xcassets */ = {isa = PBXFileReference; lastKnownFileType = folder.assetcatalog; path = Assets.xcassets; sourceTree = "<group>"; };
		560709E52390558C001A9DE7 /* Base */ = {isa = PBXFileReference; lastKnownFileType = file.storyboard; name = Base; path = Base.lproj/LaunchScreen.storyboard; sourceTree = "<group>"; };
		560709E72390558C001A9DE7 /* Info.plist */ = {isa = PBXFileReference; lastKnownFileType = text.plist.xml; path = Info.plist; sourceTree = "<group>"; };
		560709ED2390559A001A9DE7 /* AppGroup.entitlements */ = {isa = PBXFileReference; lastKnownFileType = text.plist.entitlements; path = AppGroup.entitlements; sourceTree = "<group>"; };
		560709F12390D85F001A9DE7 /* AppDatabase.swift */ = {isa = PBXFileReference; lastKnownFileType = sourcecode.swift; path = AppDatabase.swift; sourceTree = "<group>"; };
		560709F32390D883001A9DE7 /* Player.swift */ = {isa = PBXFileReference; lastKnownFileType = sourcecode.swift; path = Player.swift; sourceTree = "<group>"; };
/* End PBXFileReference section */

/* Begin PBXFrameworksBuildPhase section */
		560709D32390558A001A9DE7 /* Frameworks */ = {
			isa = PBXFrameworksBuildPhase;
			buildActionMask = 2147483647;
			files = (
				560709F02390D7A8001A9DE7 /* GRDB in Frameworks */,
			);
			runOnlyForDeploymentPostprocessing = 0;
		};
/* End PBXFrameworksBuildPhase section */

/* Begin PBXGroup section */
		560709CD2390558A001A9DE7 = {
			isa = PBXGroup;
			children = (
				560709D82390558A001A9DE7 /* AppGroup */,
				560709D72390558A001A9DE7 /* Products */,
			);
			sourceTree = "<group>";
		};
		560709D72390558A001A9DE7 /* Products */ = {
			isa = PBXGroup;
			children = (
				560709D62390558A001A9DE7 /* AppGroup.app */,
			);
			name = Products;
			sourceTree = "<group>";
		};
		560709D82390558A001A9DE7 /* AppGroup */ = {
			isa = PBXGroup;
			children = (
				560709F12390D85F001A9DE7 /* AppDatabase.swift */,
				560709D92390558A001A9DE7 /* AppDelegate.swift */,
				560709ED2390559A001A9DE7 /* AppGroup.entitlements */,
				560709E22390558C001A9DE7 /* Assets.xcassets */,
				560709E72390558C001A9DE7 /* Info.plist */,
				560709E42390558C001A9DE7 /* LaunchScreen.storyboard */,
				560709DF2390558A001A9DE7 /* Main.storyboard */,
				560709F32390D883001A9DE7 /* Player.swift */,
				560709DB2390558A001A9DE7 /* SceneDelegate.swift */,
				560709DD2390558A001A9DE7 /* ViewController.swift */,
			);
			path = AppGroup;
			sourceTree = "<group>";
		};
/* End PBXGroup section */

/* Begin PBXNativeTarget section */
		560709D52390558A001A9DE7 /* AppGroup */ = {
			isa = PBXNativeTarget;
			buildConfigurationList = 560709EA2390558C001A9DE7 /* Build configuration list for PBXNativeTarget "AppGroup" */;
			buildPhases = (
				560709D22390558A001A9DE7 /* Sources */,
				560709D32390558A001A9DE7 /* Frameworks */,
				560709D42390558A001A9DE7 /* Resources */,
			);
			buildRules = (
			);
			dependencies = (
			);
			name = AppGroup;
			packageProductDependencies = (
				560709EF2390D7A8001A9DE7 /* GRDB */,
			);
			productName = AppGroup;
			productReference = 560709D62390558A001A9DE7 /* AppGroup.app */;
			productType = "com.apple.product-type.application";
		};
/* End PBXNativeTarget section */

/* Begin PBXProject section */
		560709CE2390558A001A9DE7 /* Project object */ = {
			isa = PBXProject;
			attributes = {
				LastSwiftUpdateCheck = 1120;
				LastUpgradeCheck = 1120;
				ORGANIZATIONNAME = "Gwendal Roué";
				TargetAttributes = {
					560709D52390558A001A9DE7 = {
						CreatedOnToolsVersion = 11.2.1;
					};
				};
			};
			buildConfigurationList = 560709D12390558A001A9DE7 /* Build configuration list for PBXProject "AppGroup" */;
			compatibilityVersion = "Xcode 9.3";
			developmentRegion = en;
			hasScannedForEncodings = 0;
			knownRegions = (
				en,
				Base,
			);
			mainGroup = 560709CD2390558A001A9DE7;
			packageReferences = (
				560709EE2390D7A8001A9DE7 /* XCRemoteSwiftPackageReference "GRDB.swift" */,
			);
			productRefGroup = 560709D72390558A001A9DE7 /* Products */;
			projectDirPath = "";
			projectRoot = "";
			targets = (
				560709D52390558A001A9DE7 /* AppGroup */,
			);
		};
/* End PBXProject section */

/* Begin PBXResourcesBuildPhase section */
		560709D42390558A001A9DE7 /* Resources */ = {
			isa = PBXResourcesBuildPhase;
			buildActionMask = 2147483647;
			files = (
				560709E62390558C001A9DE7 /* LaunchScreen.storyboard in Resources */,
				560709E32390558C001A9DE7 /* Assets.xcassets in Resources */,
				560709E12390558A001A9DE7 /* Main.storyboard in Resources */,
			);
			runOnlyForDeploymentPostprocessing = 0;
		};
/* End PBXResourcesBuildPhase section */

/* Begin PBXSourcesBuildPhase section */
		560709D22390558A001A9DE7 /* Sources */ = {
			isa = PBXSourcesBuildPhase;
			buildActionMask = 2147483647;
			files = (
				560709F42390D883001A9DE7 /* Player.swift in Sources */,
				560709DE2390558A001A9DE7 /* ViewController.swift in Sources */,
				560709DA2390558A001A9DE7 /* AppDelegate.swift in Sources */,
				560709F22390D85F001A9DE7 /* AppDatabase.swift in Sources */,
				560709DC2390558A001A9DE7 /* SceneDelegate.swift in Sources */,
			);
			runOnlyForDeploymentPostprocessing = 0;
		};
/* End PBXSourcesBuildPhase section */

/* Begin PBXVariantGroup section */
		560709DF2390558A001A9DE7 /* Main.storyboard */ = {
			isa = PBXVariantGroup;
			children = (
				560709E02390558A001A9DE7 /* Base */,
			);
			name = Main.storyboard;
			sourceTree = "<group>";
		};
		560709E42390558C001A9DE7 /* LaunchScreen.storyboard */ = {
			isa = PBXVariantGroup;
			children = (
				560709E52390558C001A9DE7 /* Base */,
			);
			name = LaunchScreen.storyboard;
			sourceTree = "<group>";
		};
/* End PBXVariantGroup section */

/* Begin XCBuildConfiguration section */
		560709E82390558C001A9DE7 /* Debug */ = {
			isa = XCBuildConfiguration;
			buildSettings = {
				ALWAYS_SEARCH_USER_PATHS = NO;
				CLANG_ANALYZER_NONNULL = YES;
				CLANG_ANALYZER_NUMBER_OBJECT_CONVERSION = YES_AGGRESSIVE;
				CLANG_CXX_LANGUAGE_STANDARD = "gnu++14";
				CLANG_CXX_LIBRARY = "libc++";
				CLANG_ENABLE_MODULES = YES;
				CLANG_ENABLE_OBJC_ARC = YES;
				CLANG_ENABLE_OBJC_WEAK = YES;
				CLANG_WARN_BLOCK_CAPTURE_AUTORELEASING = YES;
				CLANG_WARN_BOOL_CONVERSION = YES;
				CLANG_WARN_COMMA = YES;
				CLANG_WARN_CONSTANT_CONVERSION = YES;
				CLANG_WARN_DEPRECATED_OBJC_IMPLEMENTATIONS = YES;
				CLANG_WARN_DIRECT_OBJC_ISA_USAGE = YES_ERROR;
				CLANG_WARN_DOCUMENTATION_COMMENTS = YES;
				CLANG_WARN_EMPTY_BODY = YES;
				CLANG_WARN_ENUM_CONVERSION = YES;
				CLANG_WARN_INFINITE_RECURSION = YES;
				CLANG_WARN_INT_CONVERSION = YES;
				CLANG_WARN_NON_LITERAL_NULL_CONVERSION = YES;
				CLANG_WARN_OBJC_IMPLICIT_RETAIN_SELF = YES;
				CLANG_WARN_OBJC_LITERAL_CONVERSION = YES;
				CLANG_WARN_OBJC_ROOT_CLASS = YES_ERROR;
				CLANG_WARN_RANGE_LOOP_ANALYSIS = YES;
				CLANG_WARN_STRICT_PROTOTYPES = YES;
				CLANG_WARN_SUSPICIOUS_MOVE = YES;
				CLANG_WARN_UNGUARDED_AVAILABILITY = YES_AGGRESSIVE;
				CLANG_WARN_UNREACHABLE_CODE = YES;
				CLANG_WARN__DUPLICATE_METHOD_MATCH = YES;
				COPY_PHASE_STRIP = NO;
				DEBUG_INFORMATION_FORMAT = dwarf;
				ENABLE_STRICT_OBJC_MSGSEND = YES;
				ENABLE_TESTABILITY = YES;
				GCC_C_LANGUAGE_STANDARD = gnu11;
				GCC_DYNAMIC_NO_PIC = NO;
				GCC_NO_COMMON_BLOCKS = YES;
				GCC_OPTIMIZATION_LEVEL = 0;
				GCC_PREPROCESSOR_DEFINITIONS = (
					"DEBUG=1",
					"$(inherited)",
				);
				GCC_WARN_64_TO_32_BIT_CONVERSION = YES;
				GCC_WARN_ABOUT_RETURN_TYPE = YES_ERROR;
				GCC_WARN_UNDECLARED_SELECTOR = YES;
				GCC_WARN_UNINITIALIZED_AUTOS = YES_AGGRESSIVE;
				GCC_WARN_UNUSED_FUNCTION = YES;
				GCC_WARN_UNUSED_VARIABLE = YES;
				IPHONEOS_DEPLOYMENT_TARGET = 13.2;
				MTL_ENABLE_DEBUG_INFO = INCLUDE_SOURCE;
				MTL_FAST_MATH = YES;
				ONLY_ACTIVE_ARCH = YES;
				SDKROOT = iphoneos;
				SWIFT_ACTIVE_COMPILATION_CONDITIONS = DEBUG;
				SWIFT_OPTIMIZATION_LEVEL = "-Onone";
			};
			name = Debug;
		};
		560709E92390558C001A9DE7 /* Release */ = {
			isa = XCBuildConfiguration;
			buildSettings = {
				ALWAYS_SEARCH_USER_PATHS = NO;
				CLANG_ANALYZER_NONNULL = YES;
				CLANG_ANALYZER_NUMBER_OBJECT_CONVERSION = YES_AGGRESSIVE;
				CLANG_CXX_LANGUAGE_STANDARD = "gnu++14";
				CLANG_CXX_LIBRARY = "libc++";
				CLANG_ENABLE_MODULES = YES;
				CLANG_ENABLE_OBJC_ARC = YES;
				CLANG_ENABLE_OBJC_WEAK = YES;
				CLANG_WARN_BLOCK_CAPTURE_AUTORELEASING = YES;
				CLANG_WARN_BOOL_CONVERSION = YES;
				CLANG_WARN_COMMA = YES;
				CLANG_WARN_CONSTANT_CONVERSION = YES;
				CLANG_WARN_DEPRECATED_OBJC_IMPLEMENTATIONS = YES;
				CLANG_WARN_DIRECT_OBJC_ISA_USAGE = YES_ERROR;
				CLANG_WARN_DOCUMENTATION_COMMENTS = YES;
				CLANG_WARN_EMPTY_BODY = YES;
				CLANG_WARN_ENUM_CONVERSION = YES;
				CLANG_WARN_INFINITE_RECURSION = YES;
				CLANG_WARN_INT_CONVERSION = YES;
				CLANG_WARN_NON_LITERAL_NULL_CONVERSION = YES;
				CLANG_WARN_OBJC_IMPLICIT_RETAIN_SELF = YES;
				CLANG_WARN_OBJC_LITERAL_CONVERSION = YES;
				CLANG_WARN_OBJC_ROOT_CLASS = YES_ERROR;
				CLANG_WARN_RANGE_LOOP_ANALYSIS = YES;
				CLANG_WARN_STRICT_PROTOTYPES = YES;
				CLANG_WARN_SUSPICIOUS_MOVE = YES;
				CLANG_WARN_UNGUARDED_AVAILABILITY = YES_AGGRESSIVE;
				CLANG_WARN_UNREACHABLE_CODE = YES;
				CLANG_WARN__DUPLICATE_METHOD_MATCH = YES;
				COPY_PHASE_STRIP = NO;
				DEBUG_INFORMATION_FORMAT = "dwarf-with-dsym";
				ENABLE_NS_ASSERTIONS = NO;
				ENABLE_STRICT_OBJC_MSGSEND = YES;
				GCC_C_LANGUAGE_STANDARD = gnu11;
				GCC_NO_COMMON_BLOCKS = YES;
				GCC_WARN_64_TO_32_BIT_CONVERSION = YES;
				GCC_WARN_ABOUT_RETURN_TYPE = YES_ERROR;
				GCC_WARN_UNDECLARED_SELECTOR = YES;
				GCC_WARN_UNINITIALIZED_AUTOS = YES_AGGRESSIVE;
				GCC_WARN_UNUSED_FUNCTION = YES;
				GCC_WARN_UNUSED_VARIABLE = YES;
				IPHONEOS_DEPLOYMENT_TARGET = 13.2;
				MTL_ENABLE_DEBUG_INFO = NO;
				MTL_FAST_MATH = YES;
				SDKROOT = iphoneos;
				SWIFT_COMPILATION_MODE = wholemodule;
				SWIFT_OPTIMIZATION_LEVEL = "-O";
				VALIDATE_PRODUCT = YES;
			};
			name = Release;
		};
		560709EB2390558C001A9DE7 /* Debug */ = {
			isa = XCBuildConfiguration;
			buildSettings = {
				ASSETCATALOG_COMPILER_APPICON_NAME = AppIcon;
				CODE_SIGN_ENTITLEMENTS = AppGroup/AppGroup.entitlements;
				CODE_SIGN_STYLE = Automatic;
				DEVELOPMENT_TEAM = AMD8W895CT;
				INFOPLIST_FILE = AppGroup/Info.plist;
				LD_RUNPATH_SEARCH_PATHS = (
					"$(inherited)",
					"@executable_path/Frameworks",
				);
				PRODUCT_BUNDLE_IDENTIFIER = com.github.groue.AppGroup;
				PRODUCT_NAME = "$(TARGET_NAME)";
				SWIFT_VERSION = 5.0;
				TARGETED_DEVICE_FAMILY = "1,2";
			};
			name = Debug;
		};
		560709EC2390558C001A9DE7 /* Release */ = {
			isa = XCBuildConfiguration;
			buildSettings = {
				ASSETCATALOG_COMPILER_APPICON_NAME = AppIcon;
				CODE_SIGN_ENTITLEMENTS = AppGroup/AppGroup.entitlements;
				CODE_SIGN_STYLE = Automatic;
				DEVELOPMENT_TEAM = AMD8W895CT;
				INFOPLIST_FILE = AppGroup/Info.plist;
				LD_RUNPATH_SEARCH_PATHS = (
					"$(inherited)",
					"@executable_path/Frameworks",
				);
				PRODUCT_BUNDLE_IDENTIFIER = com.github.groue.AppGroup;
				PRODUCT_NAME = "$(TARGET_NAME)";
				SWIFT_VERSION = 5.0;
				TARGETED_DEVICE_FAMILY = "1,2";
			};
			name = Release;
		};
/* End XCBuildConfiguration section */

/* Begin XCConfigurationList section */
		560709D12390558A001A9DE7 /* Build configuration list for PBXProject "AppGroup" */ = {
			isa = XCConfigurationList;
			buildConfigurations = (
				560709E82390558C001A9DE7 /* Debug */,
				560709E92390558C001A9DE7 /* Release */,
			);
			defaultConfigurationIsVisible = 0;
			defaultConfigurationName = Release;
		};
		560709EA2390558C001A9DE7 /* Build configuration list for PBXNativeTarget "AppGroup" */ = {
			isa = XCConfigurationList;
			buildConfigurations = (
				560709EB2390558C001A9DE7 /* Debug */,
				560709EC2390558C001A9DE7 /* Release */,
			);
			defaultConfigurationIsVisible = 0;
			defaultConfigurationName = Release;
		};
/* End XCConfigurationList section */

/* Begin XCRemoteSwiftPackageReference section */
		560709EE2390D7A8001A9DE7 /* XCRemoteSwiftPackageReference "GRDB.swift" */ = {
			isa = XCRemoteSwiftPackageReference;
			repositoryURL = "https://github.com/groue/GRDB.swift.git";
			requirement = {
				kind = upToNextMajorVersion;
				minimumVersion = 4.6.2;
			};
		};
/* End XCRemoteSwiftPackageReference section */

/* Begin XCSwiftPackageProductDependency section */
		560709EF2390D7A8001A9DE7 /* GRDB */ = {
			isa = XCSwiftPackageProductDependency;
			package = 560709EE2390D7A8001A9DE7 /* XCRemoteSwiftPackageReference "GRDB.swift" */;
			productName = GRDB;
		};
/* End XCSwiftPackageProductDependency section */
	};
	rootObject = 560709CE2390558A001A9DE7 /* Project object */;
}
