{
  "object": {
    "pins": [
      {
        "package": "GRDB",
        "repositoryURL": "https://github.com/groue/GRDB.swift.git",
        "state": {
          "branch": null,
          "revision": "a67070dd9a08dad455e9f2895a0c40921d31fa1c",
          "version": "4.6.2"
        }
      }
    ]
  },
  "version": 1
}
